
Microsoft Visual Studio Solution File, Format Version 12.00
# Visual Studio 2017
Project("{FAE04EC0-301F-11D3-BF4B-00C04F79EFBC}") = "SLASH_SCREEN", "SLASH_SCREEN.csproj", "{F6BB6C43-8E38-05B7-3366-6CCA1A54359E}"
EndProject
Project("{FAE04EC0-301F-11D3-BF4B-00C04F79EFBC}") = "SLASH_SCREEN.Editor", "SLASH_SCREEN.Editor.csproj", "{486C6E06-3021-7E05-640D-8B29F072A9DA}"
EndProject
Global
	GlobalSection(SolutionConfigurationPlatforms) = preSolution
		Debug|Any CPU = Debug|Any CPU
		Release|Any CPU = Release|Any CPU
	EndGlobalSection
	GlobalSection(ProjectConfigurationPlatforms) = postSolution
		{F6BB6C43-8E38-05B7-3366-6CCA1A54359E}.Debug|Any CPU.ActiveCfg = Debug|Any CPU
		{F6BB6C43-8E38-05B7-3366-6CCA1A54359E}.Debug|Any CPU.Build.0 = Debug|Any CPU
		{F6BB6C43-8E38-05B7-3366-6CCA1A54359E}.Release|Any CPU.ActiveCfg = Release|Any CPU
		{F6BB6C43-8E38-05B7-3366-6CCA1A54359E}.Release|Any CPU.Build.0 = Release|Any CPU
		{486C6E06-3021-7E05-640D-8B29F072A9DA}.Debug|Any CPU.ActiveCfg = Debug|Any CPU
		{486C6E06-3021-7E05-640D-8B29F072A9DA}.Debug|Any CPU.Build.0 = Debug|Any CPU
		{486C6E06-3021-7E05-640D-8B29F072A9DA}.Release|Any CPU.ActiveCfg = Release|Any CPU
		{486C6E06-3021-7E05-640D-8B29F072A9DA}.Release|Any CPU.Build.0 = Release|Any CPU
	EndGlobalSection
	GlobalSection(SolutionProperties) = preSolution
		HideSolutionNode = FALSE
	EndGlobalSection
EndGlobal
